
Microsoft Visual Studio Solution File, Format Version 12.00
# Visual Studio Version 16
VisualStudioVersion = 16.0.31911.196
MinimumVisualStudioVersion = 10.0.40219.1
Project("{9A19103F-16F7-4668-BE54-9A1E7A4F7556}") = "CommanderGQL", "CommanderGQL.csproj", "{FF14123F-FA3B-4512-BB10-2FF6AD0AC3B3}"
EndProject
Global
	GlobalSection(SolutionConfigurationPlatforms) = preSolution
		Debug|Any CPU = Debug|Any CPU
		Release|Any CPU = Release|Any CPU
	EndGlobalSection
	GlobalSection(ProjectConfigurationPlatforms) = postSolution
		{FF14123F-FA3B-4512-BB10-2FF6AD0AC3B3}.Debug|Any CPU.ActiveCfg = Debug|Any CPU
		{FF14123F-FA3B-4512-BB10-2FF6AD0AC3B3}.Debug|Any CPU.Build.0 = Debug|Any CPU
		{FF14123F-FA3B-4512-BB10-2FF6AD0AC3B3}.Release|Any CPU.ActiveCfg = Release|Any CPU
		{FF14123F-FA3B-4512-BB10-2FF6AD0AC3B3}.Release|Any CPU.Build.0 = Release|Any CPU
	EndGlobalSection
	GlobalSection(SolutionProperties) = preSolution
		HideSolutionNode = FALSE
	EndGlobalSection
	GlobalSection(ExtensibilityGlobals) = postSolution
		SolutionGuid = {CC0EF390-5102-4779-B97E-237D3E8757B0}
	EndGlobalSection
EndGlobal
